
Microsoft Visual Studio Solution File, Format Version 12.00
# Visual Studio Version 17
VisualStudioVersion = 17.6.33801.468
MinimumVisualStudioVersion = 10.0.40219.1
Project("{FAE04EC0-301F-11D3-BF4B-00C04F79EFBC}") = "ASP.NET Core 7 MVC", "ASP.NET Core 7 MVC.csproj", "{0EC3A0B2-50D5-464D-A5EE-3C6D7C5D7219}"
EndProject
Global
	GlobalSection(SolutionConfigurationPlatforms) = preSolution
		Debug|Any CPU = Debug|Any CPU
		Release|Any CPU = Release|Any CPU
	EndGlobalSection
	GlobalSection(ProjectConfigurationPlatforms) = postSolution
		{0EC3A0B2-50D5-464D-A5EE-3C6D7C5D7219}.Debug|Any CPU.ActiveCfg = Debug|Any CPU
		{0EC3A0B2-50D5-464D-A5EE-3C6D7C5D7219}.Debug|Any CPU.Build.0 = Debug|Any CPU
		{0EC3A0B2-50D5-464D-A5EE-3C6D7C5D7219}.Release|Any CPU.ActiveCfg = Release|Any CPU
		{0EC3A0B2-50D5-464D-A5EE-3C6D7C5D7219}.Release|Any CPU.Build.0 = Release|Any CPU
	EndGlobalSection
	GlobalSection(SolutionProperties) = preSolution
		HideSolutionNode = FALSE
	EndGlobalSection
	GlobalSection(ExtensibilityGlobals) = postSolution
		SolutionGuid = {B60E12E3-F1DB-4463-B8CF-78D5D395844B}
	EndGlobalSection
EndGlobal
